
Microsoft Visual Studio Solution File, Format Version 12.00
# Visual Studio Version 16
VisualStudioVersion = 16.0.29009.5
MinimumVisualStudioVersion = 10.0.40219.1
Project("{9A19103F-16F7-4668-BE54-9A1E7A4F7556}") = "LinearAssignment", "LinearAssignment\LinearAssignment.csproj", "{CDF90728-D24A-4987-B488-3D547FFAF95E}"
EndProject
Project("{FAE04EC0-301F-11D3-BF4B-00C04F79EFBC}") = "LinearAssignment.Tests", "LinearAssignment.Tests\LinearAssignment.Tests.csproj", "{F696866C-0CAC-41E0-896E-0165927E96CA}"
EndProject
Global
	GlobalSection(SolutionConfigurationPlatforms) = preSolution
		Debug|Any CPU = Debug|Any CPU
		Release|Any CPU = Release|Any CPU
	EndGlobalSection
	GlobalSection(ProjectConfigurationPlatforms) = postSolution
		{CDF90728-D24A-4987-B488-3D547FFAF95E}.Debug|Any CPU.ActiveCfg = Debug|Any CPU
		{CDF90728-D24A-4987-B488-3D547FFAF95E}.Debug|Any CPU.Build.0 = Debug|Any CPU
		{CDF90728-D24A-4987-B488-3D547FFAF95E}.Release|Any CPU.ActiveCfg = Release|Any CPU
		{CDF90728-D24A-4987-B488-3D547FFAF95E}.Release|Any CPU.Build.0 = Release|Any CPU
		{F696866C-0CAC-41E0-896E-0165927E96CA}.Debug|Any CPU.ActiveCfg = Debug|Any CPU
		{F696866C-0CAC-41E0-896E-0165927E96CA}.Debug|Any CPU.Build.0 = Debug|Any CPU
		{F696866C-0CAC-41E0-896E-0165927E96CA}.Release|Any CPU.ActiveCfg = Release|Any CPU
		{F696866C-0CAC-41E0-896E-0165927E96CA}.Release|Any CPU.Build.0 = Release|Any CPU
	EndGlobalSection
	GlobalSection(SolutionProperties) = preSolution
		HideSolutionNode = FALSE
	EndGlobalSection
	GlobalSection(ExtensibilityGlobals) = postSolution
		SolutionGuid = {CACFEA07-5346-49AD-AB30-DE7AF946D854}
	EndGlobalSection
EndGlobal
